
Microsoft Visual Studio Solution File, Format Version 10.00
# Visual Studio 2008
Project("{8BC9CEB8-8B4A-11D0-8D11-00A0C91BC942}") = "Zimu", "Zimu.vcproj", "{73CD1E9A-1256-4435-87CE-909345DBE46F}"
EndProject
Global
	GlobalSection(SolutionConfigurationPlatforms) = preSolution
		Debug|Win32 = Debug|Win32
		Release|Win32 = Release|Win32
	EndGlobalSection
	GlobalSection(ProjectConfigurationPlatforms) = postSolution
		{73CD1E9A-1256-4435-87CE-909345DBE46F}.Debug|Win32.ActiveCfg = Debug|Win32
		{73CD1E9A-1256-4435-87CE-909345DBE46F}.Debug|Win32.Build.0 = Debug|Win32
		{73CD1E9A-1256-4435-87CE-909345DBE46F}.Release|Win32.ActiveCfg = Release|Win32
		{73CD1E9A-1256-4435-87CE-909345DBE46F}.Release|Win32.Build.0 = Release|Win32
	EndGlobalSection
	GlobalSection(SolutionProperties) = preSolution
		HideSolutionNode = FALSE
	EndGlobalSection
EndGlobal
